
Microsoft Visual Studio Solution File, Format Version 12.00
# Visual Studio Version 17
VisualStudioVersion = 17.3.32819.101
MinimumVisualStudioVersion = 10.0.40219.1
Project("{FAE04EC0-301F-11D3-BF4B-00C04F79EFBC}") = "2022_09_28_Diego_Jonatan_3°ADS_EX2", "2022_09_28_Diego_Jonatan_3°ADS_EX2\2022_09_28_Diego_Jonatan_3°ADS_EX2.csproj", "{BA3EEFD0-DA10-4317-988E-C8DED01E925C}"
EndProject
Global
	GlobalSection(SolutionConfigurationPlatforms) = preSolution
		Debug|Any CPU = Debug|Any CPU
		Release|Any CPU = Release|Any CPU
	EndGlobalSection
	GlobalSection(ProjectConfigurationPlatforms) = postSolution
		{BA3EEFD0-DA10-4317-988E-C8DED01E925C}.Debug|Any CPU.ActiveCfg = Debug|Any CPU
		{BA3EEFD0-DA10-4317-988E-C8DED01E925C}.Debug|Any CPU.Build.0 = Debug|Any CPU
		{BA3EEFD0-DA10-4317-988E-C8DED01E925C}.Release|Any CPU.ActiveCfg = Release|Any CPU
		{BA3EEFD0-DA10-4317-988E-C8DED01E925C}.Release|Any CPU.Build.0 = Release|Any CPU
	EndGlobalSection
	GlobalSection(SolutionProperties) = preSolution
		HideSolutionNode = FALSE
	EndGlobalSection
	GlobalSection(ExtensibilityGlobals) = postSolution
		SolutionGuid = {2D02980F-5151-4E73-85F2-87BE5327C104}
	EndGlobalSection
EndGlobal
