
Microsoft Visual Studio Solution File, Format Version 12.00
# Visual Studio Version 17
VisualStudioVersion = 17.3.32819.101
MinimumVisualStudioVersion = 10.0.40219.1
Project("{FAE04EC0-301F-11D3-BF4B-00C04F79EFBC}") = "2022_10_19_Deigo_Jonatan_3°ADS", "2022_10_19_Deigo_Jonatan_3°ADS\2022_10_19_Deigo_Jonatan_3°ADS.csproj", "{674021AA-7D94-483A-973D-F8617C22944B}"
EndProject
Global
	GlobalSection(SolutionConfigurationPlatforms) = preSolution
		Debug|Any CPU = Debug|Any CPU
		Release|Any CPU = Release|Any CPU
	EndGlobalSection
	GlobalSection(ProjectConfigurationPlatforms) = postSolution
		{674021AA-7D94-483A-973D-F8617C22944B}.Debug|Any CPU.ActiveCfg = Debug|Any CPU
		{674021AA-7D94-483A-973D-F8617C22944B}.Debug|Any CPU.Build.0 = Debug|Any CPU
		{674021AA-7D94-483A-973D-F8617C22944B}.Release|Any CPU.ActiveCfg = Release|Any CPU
		{674021AA-7D94-483A-973D-F8617C22944B}.Release|Any CPU.Build.0 = Release|Any CPU
	EndGlobalSection
	GlobalSection(SolutionProperties) = preSolution
		HideSolutionNode = FALSE
	EndGlobalSection
	GlobalSection(ExtensibilityGlobals) = postSolution
		SolutionGuid = {6E599602-12F0-49D8-8B0D-72A4FB37230B}
	EndGlobalSection
EndGlobal
