
Microsoft Visual Studio Solution File, Format Version 12.00
# Visual Studio Version 17
VisualStudioVersion = 17.3.32819.101
MinimumVisualStudioVersion = 10.0.40219.1
Project("{FAE04EC0-301F-11D3-BF4B-00C04F79EFBC}") = "2022-10-28_POO_Conteudo10_Exercicio2", "2022-10-28_POO_Conteudo10_Exercicio2\2022-10-28_POO_Conteudo10_Exercicio2.csproj", "{CBA12DF9-EA0F-47D3-B85E-000068669302}"
EndProject
Global
	GlobalSection(SolutionConfigurationPlatforms) = preSolution
		Debug|Any CPU = Debug|Any CPU
		Release|Any CPU = Release|Any CPU
	EndGlobalSection
	GlobalSection(ProjectConfigurationPlatforms) = postSolution
		{CBA12DF9-EA0F-47D3-B85E-000068669302}.Debug|Any CPU.ActiveCfg = Debug|Any CPU
		{CBA12DF9-EA0F-47D3-B85E-000068669302}.Debug|Any CPU.Build.0 = Debug|Any CPU
		{CBA12DF9-EA0F-47D3-B85E-000068669302}.Release|Any CPU.ActiveCfg = Release|Any CPU
		{CBA12DF9-EA0F-47D3-B85E-000068669302}.Release|Any CPU.Build.0 = Release|Any CPU
	EndGlobalSection
	GlobalSection(SolutionProperties) = preSolution
		HideSolutionNode = FALSE
	EndGlobalSection
	GlobalSection(ExtensibilityGlobals) = postSolution
		SolutionGuid = {EBF6F449-1DE6-4789-A8DB-362DE50E2EA4}
	EndGlobalSection
EndGlobal
